
Microsoft Visual Studio Solution File, Format Version 12.00
# Visual Studio Version 16
VisualStudioVersion = 16.0.28803.452
MinimumVisualStudioVersion = 10.0.40219.1
Project("{FAE04EC0-301F-11D3-BF4B-00C04F79EFBC}") = "Estacionamiento", "Estacionamiento\Estacionamiento.csproj", "{D7E0AB74-F8CD-46F9-A3B1-B833B88A36CB}"
EndProject
Global
	GlobalSection(SolutionConfigurationPlatforms) = preSolution
		Debug|Any CPU = Debug|Any CPU
		Release|Any CPU = Release|Any CPU
	EndGlobalSection
	GlobalSection(ProjectConfigurationPlatforms) = postSolution
		{D7E0AB74-F8CD-46F9-A3B1-B833B88A36CB}.Debug|Any CPU.ActiveCfg = Debug|Any CPU
		{D7E0AB74-F8CD-46F9-A3B1-B833B88A36CB}.Debug|Any CPU.Build.0 = Debug|Any CPU
		{D7E0AB74-F8CD-46F9-A3B1-B833B88A36CB}.Release|Any CPU.ActiveCfg = Release|Any CPU
		{D7E0AB74-F8CD-46F9-A3B1-B833B88A36CB}.Release|Any CPU.Build.0 = Release|Any CPU
	EndGlobalSection
	GlobalSection(SolutionProperties) = preSolution
		HideSolutionNode = FALSE
	EndGlobalSection
	GlobalSection(ExtensibilityGlobals) = postSolution
		SolutionGuid = {CD5B3115-398F-423B-BC91-157CB27F061D}
	EndGlobalSection
EndGlobal
